// !$*UTF8*$!
{
	archiveVersion = 1;
	classes = {
	};
	objectVersion = 60;
	objects = {

/* Begin PBXBuildFile section */
		2FAD9763203C412B000D30F8 /* config.xml in Resources */ = {isa = PBXBuildFile; fileRef = 2FAD9762203C412B000D30F8 /* config.xml */; };
		4D22ABE92AF431CB00220026 /* CapApp-SPM in Frameworks */ = {isa = PBXBuildFile; productRef = 4D22ABE82AF431CB00220026 /* CapApp-SPM */; };
		50379B232058CBB4000EE86E /* capacitor.config.json in Resources */ = {isa = PBXBuildFile; fileRef = 50379B222058CBB4000EE86E /* capacitor.config.json */; };
		504EC3081FED79650016851F /* AppDelegate.swift in Sources */ = {isa = PBXBuildFile; fileRef = 504EC3071FED79650016851F /* AppDelegate.swift */; };
		504EC30D1FED79650016851F /* Main.storyboard in Resources */ = {isa = PBXBuildFile; fileRef = 504EC30B1FED79650016851F /* Main.storyboard */; };
		504EC30F1FED79650016851F /* Assets.xcassets in Resources */ = {isa = PBXBuildFile; fileRef = 504EC30E1FED79650016851F /* Assets.xcassets */; };
		504EC3121FED79650016851F /* LaunchScreen.storyboard in Resources */ = {isa = PBXBuildFile; fileRef = 504EC3101FED79650016851F /* LaunchScreen.storyboard */; };
		50B271D11FEDC1A000F3C39B /* public in Resources */ = {isa = PBXBuildFile; fileRef = 50B271D01FEDC1A000F3C39B /* public */; };
		A1B2C3D4E5F6A7B8C9D0E1F3 /* CarPlaySceneDelegate.swift in Sources */ = {isa = PBXBuildFile; fileRef = A1B2C3D4E5F6A7B8C9D0E1F2 /* CarPlaySceneDelegate.swift */; };
		B2C3D4E5F6A7B8C9D0E1F2A4 /* CertificatePinning.swift in Sources */ = {isa = PBXBuildFile; fileRef = B2C3D4E5F6A7B8C9D0E1F2A3 /* CertificatePinning.swift */; };
		C3D4E5F6A7B8C9D0E1F2A3B5 /* DeviceIntegrityPlugin.swift in Sources */ = {isa = PBXBuildFile; fileRef = C3D4E5F6A7B8C9D0E1F2A3B4 /* DeviceIntegrityPlugin.swift */; };
		D4E5F6A7B8C9D0E1F2A3B4C6 /* MDMConfigPlugin.swift in Sources */ = {isa = PBXBuildFile; fileRef = D4E5F6A7B8C9D0E1F2A3B4C5 /* MDMConfigPlugin.swift */; };
		E5F6A7B8C9D0E1F2A3B4C5D7 /* PerenniaViewController.swift in Sources */ = {isa = PBXBuildFile; fileRef = E5F6A7B8C9D0E1F2A3B4C5D6 /* PerenniaViewController.swift */; };
		F1A2B3C4D5E6F7A8B9C0D1E2 /* ShareViewController.swift in Sources */ = {isa = PBXBuildFile; fileRef = F1A2B3C4D5E6F7A8B9C0D1E1 /* ShareViewController.swift */; };
		F1A2B3C4D5E6F7A8B9C0D1E4 /* ShareNetworkService.swift in Sources */ = {isa = PBXBuildFile; fileRef = F1A2B3C4D5E6F7A8B9C0D1E3 /* ShareNetworkService.swift */; };
		F1A2B3C4D5E6F7A8B9C0D1E6 /* MainInterface.storyboard in Resources */ = {isa = PBXBuildFile; fileRef = F1A2B3C4D5E6F7A8B9C0D1E5 /* MainInterface.storyboard */; };
		F1A2B3C4D5E6F7A8B9C0D1E8 /* Assets.xcassets in Resources */ = {isa = PBXBuildFile; fileRef = F1A2B3C4D5E6F7A8B9C0D1E7 /* Assets.xcassets */; };
		F1A2B3C4D5E6F7A8B9C0D2E1 /* PerenniaShare.appex in Embed Foundation Extensions */ = {isa = PBXBuildFile; fileRef = F1A2B3C4D5E6F7A8B9C0D1F0 /* PerenniaShare.appex */; settings = {ATTRIBUTES = (RemoveHeadersOnCopy, ); }; };
		F2B3C4D5E6F7A8B9C0D1E2F4 /* ShareExtensionBridge.swift in Sources */ = {isa = PBXBuildFile; fileRef = F2B3C4D5E6F7A8B9C0D1E2F3 /* ShareExtensionBridge.swift */; };
		CC01B2C3D4E5F6A7B8C9D002 /* PinnedFetchPlugin.swift in Sources */ = {isa = PBXBuildFile; fileRef = CC01B2C3D4E5F6A7B8C9D001 /* PinnedFetchPlugin.swift */; };
		AA01B2C3D4E5F6A7B8C9D002 /* CarPlayAPIService.swift in Sources */ = {isa = PBXBuildFile; fileRef = AA01B2C3D4E5F6A7B8C9D001 /* CarPlayAPIService.swift */; };
		AA02B2C3D4E5F6A7B8C9D002 /* CarPlayModels.swift in Sources */ = {isa = PBXBuildFile; fileRef = AA02B2C3D4E5F6A7B8C9D001 /* CarPlayModels.swift */; };
		AA03B2C3D4E5F6A7B8C9D002 /* CarPlayVoiceHandler.swift in Sources */ = {isa = PBXBuildFile; fileRef = AA03B2C3D4E5F6A7B8C9D001 /* CarPlayVoiceHandler.swift */; };
		AA04B2C3D4E5F6A7B8C9D002 /* VisionProSupport.swift in Sources */ = {isa = PBXBuildFile; fileRef = AA04B2C3D4E5F6A7B8C9D001 /* VisionProSupport.swift */; };
		AA05B2C3D4E5F6A7B8C9D002 /* VisionProDashboardOrnament.swift in Sources */ = {isa = PBXBuildFile; fileRef = AA05B2C3D4E5F6A7B8C9D001 /* VisionProDashboardOrnament.swift */; };
		AA06B2C3D4E5F6A7B8C9D002 /* VisionProPipelineView.swift in Sources */ = {isa = PBXBuildFile; fileRef = AA06B2C3D4E5F6A7B8C9D001 /* VisionProPipelineView.swift */; };
		AA07B2C3D4E5F6A7B8C9D002 /* VisionProStyles.swift in Sources */ = {isa = PBXBuildFile; fileRef = AA07B2C3D4E5F6A7B8C9D001 /* VisionProStyles.swift */; };
		AA08B2C3D4E5F6A7B8C9D002 /* VisionProDashboardView.swift in Sources */ = {isa = PBXBuildFile; fileRef = AA08B2C3D4E5F6A7B8C9D001 /* VisionProDashboardView.swift */; };
		AA09B2C3D4E5F6A7B8C9D002 /* VisionProDocumentView.swift in Sources */ = {isa = PBXBuildFile; fileRef = AA09B2C3D4E5F6A7B8C9D001 /* VisionProDocumentView.swift */; };
		AA10B2C3D4E5F6A7B8C9D002 /* BackgroundSyncManager.swift in Sources */ = {isa = PBXBuildFile; fileRef = AA10B2C3D4E5F6A7B8C9D001 /* BackgroundSyncManager.swift */; };
		AA11B2C3D4E5F6A7B8C9D002 /* PushNotificationRouter.swift in Sources */ = {isa = PBXBuildFile; fileRef = AA11B2C3D4E5F6A7B8C9D001 /* PushNotificationRouter.swift */; };
		AA12B2C3D4E5F6A7B8C9D002 /* AppIntents.swift in Sources */ = {isa = PBXBuildFile; fileRef = AA12B2C3D4E5F6A7B8C9D001 /* AppIntents.swift */; };
		AA13B2C3D4E5F6A7B8C9D002 /* AppShortcuts.swift in Sources */ = {isa = PBXBuildFile; fileRef = AA13B2C3D4E5F6A7B8C9D001 /* AppShortcuts.swift */; };
		AA14B2C3D4E5F6A7B8C9D002 /* SiriShortcutsPlugin.swift in Sources */ = {isa = PBXBuildFile; fileRef = AA14B2C3D4E5F6A7B8C9D001 /* SiriShortcutsPlugin.swift */; };
		AA15B2C3D4E5F6A7B8C9D002 /* SpotlightIndexer.swift in Sources */ = {isa = PBXBuildFile; fileRef = AA15B2C3D4E5F6A7B8C9D001 /* SpotlightIndexer.swift */; };
		AA16B2C3D4E5F6A7B8C9D002 /* SpotlightHandler.swift in Sources */ = {isa = PBXBuildFile; fileRef = AA16B2C3D4E5F6A7B8C9D001 /* SpotlightHandler.swift */; };
		AA17B2C3D4E5F6A7B8C9D002 /* LiveActivityManager.swift in Sources */ = {isa = PBXBuildFile; fileRef = AA17B2C3D4E5F6A7B8C9D001 /* LiveActivityManager.swift */; };
		AA18B2C3D4E5F6A7B8C9D002 /* LiveActivityPlugin.swift in Sources */ = {isa = PBXBuildFile; fileRef = AA18B2C3D4E5F6A7B8C9D001 /* LiveActivityPlugin.swift */; };
		AA19B2C3D4E5F6A7B8C9D002 /* PrivacyInfo.xcprivacy in Resources */ = {isa = PBXBuildFile; fileRef = AA19B2C3D4E5F6A7B8C9D001 /* PrivacyInfo.xcprivacy */; };
		BB01A2C3D4E5F6A7B8C9D002 /* KeychainService.swift in Sources */ = {isa = PBXBuildFile; fileRef = BB01A2C3D4E5F6A7B8C9D001 /* KeychainService.swift */; };
		BB02A2C3D4E5F6A7B8C9D002 /* EncryptedCacheService.swift in Sources */ = {isa = PBXBuildFile; fileRef = BB02A2C3D4E5F6A7B8C9D001 /* EncryptedCacheService.swift */; };
		BB03A2C3D4E5F6A7B8C9D002 /* AuditLogger.swift in Sources */ = {isa = PBXBuildFile; fileRef = BB03A2C3D4E5F6A7B8C9D001 /* AuditLogger.swift */; };
		BB04A2C3D4E5F6A7B8C9D002 /* AppSwitcherGuard.swift in Sources */ = {isa = PBXBuildFile; fileRef = BB04A2C3D4E5F6A7B8C9D001 /* AppSwitcherGuard.swift */; };
		BB05A2C3D4E5F6A7B8C9D002 /* RateLimiter.swift in Sources */ = {isa = PBXBuildFile; fileRef = BB05A2C3D4E5F6A7B8C9D001 /* RateLimiter.swift */; };
		BB06A2C3D4E5F6A7B8C9D002 /* PerformanceMonitor.swift in Sources */ = {isa = PBXBuildFile; fileRef = BB06A2C3D4E5F6A7B8C9D001 /* PerformanceMonitor.swift */; };
		BB07A2C3D4E5F6A7B8C9D002 /* ManagedPasteboardGuard.swift in Sources */ = {isa = PBXBuildFile; fileRef = BB07A2C3D4E5F6A7B8C9D001 /* ManagedPasteboardGuard.swift */; };
		EE01A2C3D4E5F6A7B8C9D002 /* MainSceneDelegate.swift in Sources */ = {isa = PBXBuildFile; fileRef = EE01A2C3D4E5F6A7B8C9D001 /* MainSceneDelegate.swift */; };
		DD01A2C3D4E5F6A7B8C9D002 /* ClosingActivityAttributes.swift in Sources */ = {isa = PBXBuildFile; fileRef = DD01A2C3D4E5F6A7B8C9D001 /* ClosingActivityAttributes.swift */; };
		DD02A2C3D4E5F6A7B8C9D002 /* ClosingActivityAttributes.swift in Sources */ = {isa = PBXBuildFile; fileRef = DD01A2C3D4E5F6A7B8C9D001 /* ClosingActivityAttributes.swift */; };
		FF01A2C3D4E5F6A7B8C9D002 /* APIConfig.swift in Sources */ = {isa = PBXBuildFile; fileRef = FF01A2C3D4E5F6A7B8C9D001 /* APIConfig.swift */; };
		SS01A2C3D4E5F6A7B8C9D002 /* SensitiveScreenPlugin.swift in Sources */ = {isa = PBXBuildFile; fileRef = SS01A2C3D4E5F6A7B8C9D001 /* SensitiveScreenPlugin.swift */; };
		BM01A2C3D4E5F6A7B8C9D002 /* BiometricAuthManager.swift in Sources */ = {isa = PBXBuildFile; fileRef = BM01A2C3D4E5F6A7B8C9D001 /* BiometricAuthManager.swift */; };
		AL01A2C3D4E5F6A7B8C9D002 /* AuditLogPlugin.swift in Sources */ = {isa = PBXBuildFile; fileRef = AL01A2C3D4E5F6A7B8C9D001 /* AuditLogPlugin.swift */; };
		SP01A2C3D4E5F6A7B8C9D002 /* SpotlightSearchPlugin.swift in Sources */ = {isa = PBXBuildFile; fileRef = SP01A2C3D4E5F6A7B8C9D001 /* SpotlightSearchPlugin.swift */; };
		WG01A2C3D4E5F6A7B8C9D002 /* PerenniaWidget.swift in Sources */ = {isa = PBXBuildFile; fileRef = WG01A2C3D4E5F6A7B8C9D001 /* PerenniaWidget.swift */; };
		WG02A2C3D4E5F6A7B8C9D002 /* PerenniaWidgetBundle.swift in Sources */ = {isa = PBXBuildFile; fileRef = WG02A2C3D4E5F6A7B8C9D001 /* PerenniaWidgetBundle.swift */; };
		WG03A2C3D4E5F6A7B8C9D002 /* NetworkService.swift in Sources */ = {isa = PBXBuildFile; fileRef = WG03A2C3D4E5F6A7B8C9D001 /* NetworkService.swift */; };
		WG05A2C3D4E5F6A7B8C9D002 /* Assets.xcassets in Resources */ = {isa = PBXBuildFile; fileRef = WG05A2C3D4E5F6A7B8C9D001 /* Assets.xcassets */; };
		WG07A2C3D4E5F6A7B8C9D002 /* PerenniaWidget.appex in Embed Foundation Extensions */ = {isa = PBXBuildFile; fileRef = WG07A2C3D4E5F6A7B8C9D001 /* PerenniaWidget.appex */; settings = {ATTRIBUTES = (RemoveHeadersOnCopy, ); }; };
		WG08A2C3D4E5F6A7B8C9D002 /* ClosingActivity.swift in Sources */ = {isa = PBXBuildFile; fileRef = WG08A2C3D4E5F6A7B8C9D001 /* ClosingActivity.swift */; };
		WG09A2C3D4E5F6A7B8C9D002 /* ClosingActivityView.swift in Sources */ = {isa = PBXBuildFile; fileRef = WG09A2C3D4E5F6A7B8C9D001 /* ClosingActivityView.swift */; };
/* End PBXBuildFile section */

/* Begin PBXContainerItemProxy section */
		F1A2B3C4D5E6F7A8B9C0D2E2 /* PBXContainerItemProxy */ = {
			isa = PBXContainerItemProxy;
			containerPortal = 504EC2FC1FED79650016851F /* Project object */;
			proxyType = 1;
			remoteGlobalIDString = F1A2B3C4D5E6F7A8B9C0D1EF;
			remoteInfo = PerenniaShare;
		};
		WG17A2C3D4E5F6A7B8C9D001 /* PBXContainerItemProxy */ = {
			isa = PBXContainerItemProxy;
			containerPortal = 504EC2FC1FED79650016851F /* Project object */;
			proxyType = 1;
			remoteGlobalIDString = WG13A2C3D4E5F6A7B8C9D001;
			remoteInfo = PerenniaWidget;
		};
/* End PBXContainerItemProxy section */

/* Begin PBXCopyFilesBuildPhase section */
		F1A2B3C4D5E6F7A8B9C0D2E3 /* Embed Foundation Extensions */ = {
			isa = PBXCopyFilesBuildPhase;
			buildActionMask = 2147483647;
			dstPath = "";
			dstSubfolderSpec = 13;
			files = (
				F1A2B3C4D5E6F7A8B9C0D2E1 /* PerenniaShare.appex in Embed Foundation Extensions */,
				WG07A2C3D4E5F6A7B8C9D002 /* PerenniaWidget.appex in Embed Foundation Extensions */,
			);
			name = "Embed Foundation Extensions";
			runOnlyForDeploymentPostprocessing = 0;
		};
/* End PBXCopyFilesBuildPhase section */

/* Begin PBXFileReference section */
		2FAD9762203C412B000D30F8 /* config.xml */ = {isa = PBXFileReference; lastKnownFileType = text.xml; path = config.xml; sourceTree = "<group>"; };
		405886BE2F167D5600618442 /* App.entitlements */ = {isa = PBXFileReference; lastKnownFileType = text.plist.entitlements; path = App.entitlements; sourceTree = "<group>"; };
		50379B222058CBB4000EE86E /* capacitor.config.json */ = {isa = PBXFileReference; fileEncoding = 4; lastKnownFileType = text.json; path = capacitor.config.json; sourceTree = "<group>"; };
		504EC3041FED79650016851F /* Perennia AI.app */ = {isa = PBXFileReference; explicitFileType = wrapper.application; includeInIndex = 0; path = "Perennia AI.app"; sourceTree = BUILT_PRODUCTS_DIR; };
		504EC3071FED79650016851F /* AppDelegate.swift */ = {isa = PBXFileReference; lastKnownFileType = sourcecode.swift; path = AppDelegate.swift; sourceTree = "<group>"; };
		504EC30C1FED79650016851F /* Base */ = {isa = PBXFileReference; lastKnownFileType = file.storyboard; name = Base; path = Base.lproj/Main.storyboard; sourceTree = "<group>"; };
		504EC30E1FED79650016851F /* Assets.xcassets */ = {isa = PBXFileReference; lastKnownFileType = folder.assetcatalog; path = Assets.xcassets; sourceTree = "<group>"; };
		504EC3111FED79650016851F /* Base */ = {isa = PBXFileReference; lastKnownFileType = file.storyboard; name = Base; path = Base.lproj/LaunchScreen.storyboard; sourceTree = "<group>"; };
		504EC3131FED79650016851F /* Info.plist */ = {isa = PBXFileReference; lastKnownFileType = text.plist.xml; path = Info.plist; sourceTree = "<group>"; };
		50B271D01FEDC1A000F3C39B /* public */ = {isa = PBXFileReference; lastKnownFileType = folder; path = public; sourceTree = "<group>"; };
		958DCC722DB07C7200EA8C5F /* debug.xcconfig */ = {isa = PBXFileReference; lastKnownFileType = text.xcconfig; name = debug.xcconfig; path = ../debug.xcconfig; sourceTree = SOURCE_ROOT; };
		A1B2C3D4E5F6A7B8C9D0E1F2 /* CarPlaySceneDelegate.swift */ = {isa = PBXFileReference; lastKnownFileType = sourcecode.swift; path = CarPlaySceneDelegate.swift; sourceTree = "<group>"; };
		B2C3D4E5F6A7B8C9D0E1F2A3 /* CertificatePinning.swift */ = {isa = PBXFileReference; lastKnownFileType = sourcecode.swift; path = CertificatePinning.swift; sourceTree = "<group>"; };
		C3D4E5F6A7B8C9D0E1F2A3B4 /* DeviceIntegrityPlugin.swift */ = {isa = PBXFileReference; lastKnownFileType = sourcecode.swift; path = DeviceIntegrityPlugin.swift; sourceTree = "<group>"; };
		D4E5F6A7B8C9D0E1F2A3B4C5 /* MDMConfigPlugin.swift */ = {isa = PBXFileReference; lastKnownFileType = sourcecode.swift; path = MDMConfigPlugin.swift; sourceTree = "<group>"; };
		E5F6A7B8C9D0E1F2A3B4C5D6 /* PerenniaViewController.swift */ = {isa = PBXFileReference; lastKnownFileType = sourcecode.swift; path = PerenniaViewController.swift; sourceTree = "<group>"; };
		F1A2B3C4D5E6F7A8B9C0D1E1 /* ShareViewController.swift */ = {isa = PBXFileReference; lastKnownFileType = sourcecode.swift; path = ShareViewController.swift; sourceTree = "<group>"; };
		F1A2B3C4D5E6F7A8B9C0D1E3 /* ShareNetworkService.swift */ = {isa = PBXFileReference; lastKnownFileType = sourcecode.swift; path = ShareNetworkService.swift; sourceTree = "<group>"; };
		F1A2B3C4D5E6F7A8B9C0D1E5 /* MainInterface.storyboard */ = {isa = PBXFileReference; lastKnownFileType = file.storyboard; name = MainInterface.storyboard; path = Base.lproj/MainInterface.storyboard; sourceTree = "<group>"; };
		F1A2B3C4D5E6F7A8B9C0D1E7 /* Assets.xcassets */ = {isa = PBXFileReference; lastKnownFileType = folder.assetcatalog; path = Assets.xcassets; sourceTree = "<group>"; };
		F1A2B3C4D5E6F7A8B9C0D1E9 /* Info.plist */ = {isa = PBXFileReference; lastKnownFileType = text.plist.xml; path = Info.plist; sourceTree = "<group>"; };
		F1A2B3C4D5E6F7A8B9C0D1EA /* PerenniaShare.entitlements */ = {isa = PBXFileReference; lastKnownFileType = text.plist.entitlements; path = PerenniaShare.entitlements; sourceTree = "<group>"; };
		F1A2B3C4D5E6F7A8B9C0D1F0 /* PerenniaShare.appex */ = {isa = PBXFileReference; explicitFileType = "wrapper.app-extension"; includeInIndex = 0; path = PerenniaShare.appex; sourceTree = BUILT_PRODUCTS_DIR; };
		F2B3C4D5E6F7A8B9C0D1E2F3 /* ShareExtensionBridge.swift */ = {isa = PBXFileReference; lastKnownFileType = sourcecode.swift; path = ShareExtensionBridge.swift; sourceTree = "<group>"; };
		CC01B2C3D4E5F6A7B8C9D001 /* PinnedFetchPlugin.swift */ = {isa = PBXFileReference; lastKnownFileType = sourcecode.swift; path = PinnedFetchPlugin.swift; sourceTree = "<group>"; };
		AA01B2C3D4E5F6A7B8C9D001 /* CarPlayAPIService.swift */ = {isa = PBXFileReference; lastKnownFileType = sourcecode.swift; path = CarPlayAPIService.swift; sourceTree = "<group>"; };
		AA02B2C3D4E5F6A7B8C9D001 /* CarPlayModels.swift */ = {isa = PBXFileReference; lastKnownFileType = sourcecode.swift; path = CarPlayModels.swift; sourceTree = "<group>"; };
		AA03B2C3D4E5F6A7B8C9D001 /* CarPlayVoiceHandler.swift */ = {isa = PBXFileReference; lastKnownFileType = sourcecode.swift; path = CarPlayVoiceHandler.swift; sourceTree = "<group>"; };
		AA04B2C3D4E5F6A7B8C9D001 /* VisionProSupport.swift */ = {isa = PBXFileReference; lastKnownFileType = sourcecode.swift; path = VisionProSupport.swift; sourceTree = "<group>"; };
		AA05B2C3D4E5F6A7B8C9D001 /* VisionProDashboardOrnament.swift */ = {isa = PBXFileReference; lastKnownFileType = sourcecode.swift; path = VisionProDashboardOrnament.swift; sourceTree = "<group>"; };
		AA06B2C3D4E5F6A7B8C9D001 /* VisionProPipelineView.swift */ = {isa = PBXFileReference; lastKnownFileType = sourcecode.swift; path = VisionProPipelineView.swift; sourceTree = "<group>"; };
		AA07B2C3D4E5F6A7B8C9D001 /* VisionProStyles.swift */ = {isa = PBXFileReference; lastKnownFileType = sourcecode.swift; path = VisionProStyles.swift; sourceTree = "<group>"; };
		AA08B2C3D4E5F6A7B8C9D001 /* VisionProDashboardView.swift */ = {isa = PBXFileReference; lastKnownFileType = sourcecode.swift; path = VisionProDashboardView.swift; sourceTree = "<group>"; };
		AA09B2C3D4E5F6A7B8C9D001 /* VisionProDocumentView.swift */ = {isa = PBXFileReference; lastKnownFileType = sourcecode.swift; path = VisionProDocumentView.swift; sourceTree = "<group>"; };
		AA10B2C3D4E5F6A7B8C9D001 /* BackgroundSyncManager.swift */ = {isa = PBXFileReference; lastKnownFileType = sourcecode.swift; path = BackgroundSyncManager.swift; sourceTree = "<group>"; };
		AA11B2C3D4E5F6A7B8C9D001 /* PushNotificationRouter.swift */ = {isa = PBXFileReference; lastKnownFileType = sourcecode.swift; path = PushNotificationRouter.swift; sourceTree = "<group>"; };
		AA12B2C3D4E5F6A7B8C9D001 /* AppIntents.swift */ = {isa = PBXFileReference; lastKnownFileType = sourcecode.swift; path = AppIntents.swift; sourceTree = "<group>"; };
		AA13B2C3D4E5F6A7B8C9D001 /* AppShortcuts.swift */ = {isa = PBXFileReference; lastKnownFileType = sourcecode.swift; path = AppShortcuts.swift; sourceTree = "<group>"; };
		AA14B2C3D4E5F6A7B8C9D001 /* SiriShortcutsPlugin.swift */ = {isa = PBXFileReference; lastKnownFileType = sourcecode.swift; path = SiriShortcutsPlugin.swift; sourceTree = "<group>"; };
		AA15B2C3D4E5F6A7B8C9D001 /* SpotlightIndexer.swift */ = {isa = PBXFileReference; lastKnownFileType = sourcecode.swift; path = SpotlightIndexer.swift; sourceTree = "<group>"; };
		AA16B2C3D4E5F6A7B8C9D001 /* SpotlightHandler.swift */ = {isa = PBXFileReference; lastKnownFileType = sourcecode.swift; path = SpotlightHandler.swift; sourceTree = "<group>"; };
		AA17B2C3D4E5F6A7B8C9D001 /* LiveActivityManager.swift */ = {isa = PBXFileReference; lastKnownFileType = sourcecode.swift; path = LiveActivityManager.swift; sourceTree = "<group>"; };
		AA18B2C3D4E5F6A7B8C9D001 /* LiveActivityPlugin.swift */ = {isa = PBXFileReference; lastKnownFileType = sourcecode.swift; path = LiveActivityPlugin.swift; sourceTree = "<group>"; };
		AA19B2C3D4E5F6A7B8C9D001 /* PrivacyInfo.xcprivacy */ = {isa = PBXFileReference; lastKnownFileType = text.xml; path = PrivacyInfo.xcprivacy; sourceTree = "<group>"; };
		BB01A2C3D4E5F6A7B8C9D001 /* KeychainService.swift */ = {isa = PBXFileReference; lastKnownFileType = sourcecode.swift; path = KeychainService.swift; sourceTree = "<group>"; };
		BB02A2C3D4E5F6A7B8C9D001 /* EncryptedCacheService.swift */ = {isa = PBXFileReference; lastKnownFileType = sourcecode.swift; path = EncryptedCacheService.swift; sourceTree = "<group>"; };
		BB03A2C3D4E5F6A7B8C9D001 /* AuditLogger.swift */ = {isa = PBXFileReference; lastKnownFileType = sourcecode.swift; path = AuditLogger.swift; sourceTree = "<group>"; };
		BB04A2C3D4E5F6A7B8C9D001 /* AppSwitcherGuard.swift */ = {isa = PBXFileReference; lastKnownFileType = sourcecode.swift; path = AppSwitcherGuard.swift; sourceTree = "<group>"; };
		BB05A2C3D4E5F6A7B8C9D001 /* RateLimiter.swift */ = {isa = PBXFileReference; lastKnownFileType = sourcecode.swift; path = RateLimiter.swift; sourceTree = "<group>"; };
		BB06A2C3D4E5F6A7B8C9D001 /* PerformanceMonitor.swift */ = {isa = PBXFileReference; lastKnownFileType = sourcecode.swift; path = PerformanceMonitor.swift; sourceTree = "<group>"; };
		BB07A2C3D4E5F6A7B8C9D001 /* ManagedPasteboardGuard.swift */ = {isa = PBXFileReference; lastKnownFileType = sourcecode.swift; path = ManagedPasteboardGuard.swift; sourceTree = "<group>"; };
		EE01A2C3D4E5F6A7B8C9D001 /* MainSceneDelegate.swift */ = {isa = PBXFileReference; lastKnownFileType = sourcecode.swift; path = MainSceneDelegate.swift; sourceTree = "<group>"; };
		DD01A2C3D4E5F6A7B8C9D001 /* ClosingActivityAttributes.swift */ = {isa = PBXFileReference; lastKnownFileType = sourcecode.swift; path = ClosingActivityAttributes.swift; sourceTree = "<group>"; };
		FF01A2C3D4E5F6A7B8C9D001 /* APIConfig.swift */ = {isa = PBXFileReference; lastKnownFileType = sourcecode.swift; path = APIConfig.swift; sourceTree = "<group>"; };
		SS01A2C3D4E5F6A7B8C9D001 /* SensitiveScreenPlugin.swift */ = {isa = PBXFileReference; lastKnownFileType = sourcecode.swift; path = SensitiveScreenPlugin.swift; sourceTree = "<group>"; };
		BM01A2C3D4E5F6A7B8C9D001 /* BiometricAuthManager.swift */ = {isa = PBXFileReference; lastKnownFileType = sourcecode.swift; path = BiometricAuthManager.swift; sourceTree = "<group>"; };
		AL01A2C3D4E5F6A7B8C9D001 /* AuditLogPlugin.swift */ = {isa = PBXFileReference; lastKnownFileType = sourcecode.swift; path = AuditLogPlugin.swift; sourceTree = "<group>"; };
		SP01A2C3D4E5F6A7B8C9D001 /* SpotlightSearchPlugin.swift */ = {isa = PBXFileReference; lastKnownFileType = sourcecode.swift; path = SpotlightSearchPlugin.swift; sourceTree = "<group>"; };
		WG01A2C3D4E5F6A7B8C9D001 /* PerenniaWidget.swift */ = {isa = PBXFileReference; lastKnownFileType = sourcecode.swift; path = PerenniaWidget.swift; sourceTree = "<group>"; };
		WG02A2C3D4E5F6A7B8C9D001 /* PerenniaWidgetBundle.swift */ = {isa = PBXFileReference; lastKnownFileType = sourcecode.swift; path = PerenniaWidgetBundle.swift; sourceTree = "<group>"; };
		WG03A2C3D4E5F6A7B8C9D001 /* NetworkService.swift */ = {isa = PBXFileReference; lastKnownFileType = sourcecode.swift; path = NetworkService.swift; sourceTree = "<group>"; };
		WG04A2C3D4E5F6A7B8C9D001 /* Info.plist */ = {isa = PBXFileReference; lastKnownFileType = text.plist.xml; path = Info.plist; sourceTree = "<group>"; };
		WG05A2C3D4E5F6A7B8C9D001 /* Assets.xcassets */ = {isa = PBXFileReference; lastKnownFileType = folder.assetcatalog; path = Assets.xcassets; sourceTree = "<group>"; };
		WG06A2C3D4E5F6A7B8C9D001 /* PerenniaWidget.entitlements */ = {isa = PBXFileReference; lastKnownFileType = text.plist.entitlements; path = PerenniaWidget.entitlements; sourceTree = "<group>"; };
		WG07A2C3D4E5F6A7B8C9D001 /* PerenniaWidget.appex */ = {isa = PBXFileReference; explicitFileType = "wrapper.app-extension"; includeInIndex = 0; path = PerenniaWidget.appex; sourceTree = BUILT_PRODUCTS_DIR; };
		WG08A2C3D4E5F6A7B8C9D001 /* ClosingActivity.swift */ = {isa = PBXFileReference; lastKnownFileType = sourcecode.swift; path = ClosingActivity.swift; sourceTree = "<group>"; };
		WG09A2C3D4E5F6A7B8C9D001 /* ClosingActivityView.swift */ = {isa = PBXFileReference; lastKnownFileType = sourcecode.swift; path = ClosingActivityView.swift; sourceTree = "<group>"; };
/* End PBXFileReference section */

/* Begin PBXFrameworksBuildPhase section */
		504EC3011FED79650016851F /* Frameworks */ = {
			isa = PBXFrameworksBuildPhase;
			buildActionMask = 2147483647;
			files = (
				4D22ABE92AF431CB00220026 /* CapApp-SPM in Frameworks */,
			);
			runOnlyForDeploymentPostprocessing = 0;
		};
		F1A2B3C4D5E6F7A8B9C0D2F1 /* Frameworks */ = {
			isa = PBXFrameworksBuildPhase;
			buildActionMask = 2147483647;
			files = (
			);
			runOnlyForDeploymentPostprocessing = 0;
		};
		WG11A2C3D4E5F6A7B8C9D001 /* Frameworks */ = {
			isa = PBXFrameworksBuildPhase;
			buildActionMask = 2147483647;
			files = (
			);
			runOnlyForDeploymentPostprocessing = 0;
		};
/* End PBXFrameworksBuildPhase section */

/* Begin PBXGroup section */
		504EC2FB1FED79650016851F = {
			isa = PBXGroup;
			children = (
				958DCC722DB07C7200EA8C5F /* debug.xcconfig */,
				504EC3061FED79650016851F /* App */,
				F1A2B3C4D5E6F7A8B9C0D1F1 /* PerenniaShare */,
				WG19A2C3D4E5F6A7B8C9D001 /* PerenniaWidget */,
				WG20A2C3D4E5F6A7B8C9D001 /* PerenniaWidgets */,
				504EC3051FED79650016851F /* Products */,
			);
			sourceTree = "<group>";
		};
		504EC3051FED79650016851F /* Products */ = {
			isa = PBXGroup;
			children = (
				504EC3041FED79650016851F /* Perennia AI.app */,
				F1A2B3C4D5E6F7A8B9C0D1F0 /* PerenniaShare.appex */,
				WG07A2C3D4E5F6A7B8C9D001 /* PerenniaWidget.appex */,
			);
			name = Products;
			sourceTree = "<group>";
		};
		504EC3061FED79650016851F /* App */ = {
			isa = PBXGroup;
			children = (
				405886BE2F167D5600618442 /* App.entitlements */,
				50379B222058CBB4000EE86E /* capacitor.config.json */,
				FF01A2C3D4E5F6A7B8C9D001 /* APIConfig.swift */,
				504EC3071FED79650016851F /* AppDelegate.swift */,
				AA12B2C3D4E5F6A7B8C9D001 /* AppIntents.swift */,
				BB04A2C3D4E5F6A7B8C9D001 /* AppSwitcherGuard.swift */,
				BM01A2C3D4E5F6A7B8C9D001 /* BiometricAuthManager.swift */,
				AL01A2C3D4E5F6A7B8C9D001 /* AuditLogPlugin.swift */,
				BB03A2C3D4E5F6A7B8C9D001 /* AuditLogger.swift */,
				AA13B2C3D4E5F6A7B8C9D001 /* AppShortcuts.swift */,
				AA10B2C3D4E5F6A7B8C9D001 /* BackgroundSyncManager.swift */,
				DD01A2C3D4E5F6A7B8C9D001 /* ClosingActivityAttributes.swift */,
				AA01B2C3D4E5F6A7B8C9D001 /* CarPlayAPIService.swift */,
				AA02B2C3D4E5F6A7B8C9D001 /* CarPlayModels.swift */,
				A1B2C3D4E5F6A7B8C9D0E1F2 /* CarPlaySceneDelegate.swift */,
				AA03B2C3D4E5F6A7B8C9D001 /* CarPlayVoiceHandler.swift */,
				B2C3D4E5F6A7B8C9D0E1F2A3 /* CertificatePinning.swift */,
				C3D4E5F6A7B8C9D0E1F2A3B4 /* DeviceIntegrityPlugin.swift */,
				BB02A2C3D4E5F6A7B8C9D001 /* EncryptedCacheService.swift */,
				BB01A2C3D4E5F6A7B8C9D001 /* KeychainService.swift */,
				AA17B2C3D4E5F6A7B8C9D001 /* LiveActivityManager.swift */,
				AA18B2C3D4E5F6A7B8C9D001 /* LiveActivityPlugin.swift */,
				EE01A2C3D4E5F6A7B8C9D001 /* MainSceneDelegate.swift */,
				D4E5F6A7B8C9D0E1F2A3B4C5 /* MDMConfigPlugin.swift */,
				E5F6A7B8C9D0E1F2A3B4C5D6 /* PerenniaViewController.swift */,
				AA19B2C3D4E5F6A7B8C9D001 /* PrivacyInfo.xcprivacy */,
				AA11B2C3D4E5F6A7B8C9D001 /* PushNotificationRouter.swift */,
				BB05A2C3D4E5F6A7B8C9D001 /* RateLimiter.swift */,
				BB06A2C3D4E5F6A7B8C9D001 /* PerformanceMonitor.swift */,
				CC01B2C3D4E5F6A7B8C9D001 /* PinnedFetchPlugin.swift */,
				BB07A2C3D4E5F6A7B8C9D001 /* ManagedPasteboardGuard.swift */,
				F2B3C4D5E6F7A8B9C0D1E2F3 /* ShareExtensionBridge.swift */,
				SS01A2C3D4E5F6A7B8C9D001 /* SensitiveScreenPlugin.swift */,
				AA14B2C3D4E5F6A7B8C9D001 /* SiriShortcutsPlugin.swift */,
				AA16B2C3D4E5F6A7B8C9D001 /* SpotlightHandler.swift */,
				SP01A2C3D4E5F6A7B8C9D001 /* SpotlightSearchPlugin.swift */,
				AA15B2C3D4E5F6A7B8C9D001 /* SpotlightIndexer.swift */,
				AA08B2C3D4E5F6A7B8C9D001 /* VisionProDashboardView.swift */,
				AA05B2C3D4E5F6A7B8C9D001 /* VisionProDashboardOrnament.swift */,
				AA09B2C3D4E5F6A7B8C9D001 /* VisionProDocumentView.swift */,
				AA06B2C3D4E5F6A7B8C9D001 /* VisionProPipelineView.swift */,
				AA07B2C3D4E5F6A7B8C9D001 /* VisionProStyles.swift */,
				AA04B2C3D4E5F6A7B8C9D001 /* VisionProSupport.swift */,
				504EC30B1FED79650016851F /* Main.storyboard */,
				504EC30E1FED79650016851F /* Assets.xcassets */,
				504EC3101FED79650016851F /* LaunchScreen.storyboard */,
				504EC3131FED79650016851F /* Info.plist */,
				2FAD9762203C412B000D30F8 /* config.xml */,
				50B271D01FEDC1A000F3C39B /* public */,
			);
			path = App;
			sourceTree = "<group>";
		};
		F1A2B3C4D5E6F7A8B9C0D1F1 /* PerenniaShare */ = {
			isa = PBXGroup;
			children = (
				F1A2B3C4D5E6F7A8B9C0D1EA /* PerenniaShare.entitlements */,
				F1A2B3C4D5E6F7A8B9C0D1E1 /* ShareViewController.swift */,
				F1A2B3C4D5E6F7A8B9C0D1E3 /* ShareNetworkService.swift */,
				F1A2B3C4D5E6F7A8B9C0D1E5 /* MainInterface.storyboard */,
				F1A2B3C4D5E6F7A8B9C0D1E7 /* Assets.xcassets */,
				F1A2B3C4D5E6F7A8B9C0D1E9 /* Info.plist */,
			);
			path = PerenniaShare;
			sourceTree = "<group>";
		};
		WG19A2C3D4E5F6A7B8C9D001 /* PerenniaWidget */ = {
			isa = PBXGroup;
			children = (
				WG06A2C3D4E5F6A7B8C9D001 /* PerenniaWidget.entitlements */,
				WG01A2C3D4E5F6A7B8C9D001 /* PerenniaWidget.swift */,
				WG02A2C3D4E5F6A7B8C9D001 /* PerenniaWidgetBundle.swift */,
				WG03A2C3D4E5F6A7B8C9D001 /* NetworkService.swift */,
				WG05A2C3D4E5F6A7B8C9D001 /* Assets.xcassets */,
				WG04A2C3D4E5F6A7B8C9D001 /* Info.plist */,
			);
			path = PerenniaWidget;
			sourceTree = "<group>";
		};
		WG20A2C3D4E5F6A7B8C9D001 /* PerenniaWidgets */ = {
			isa = PBXGroup;
			children = (
				WG08A2C3D4E5F6A7B8C9D001 /* ClosingActivity.swift */,
				WG09A2C3D4E5F6A7B8C9D001 /* ClosingActivityView.swift */,
			);
			path = PerenniaWidgets;
			sourceTree = "<group>";
		};
/* End PBXGroup section */

/* Begin PBXNativeTarget section */
		504EC3031FED79650016851F /* App */ = {
			isa = PBXNativeTarget;
			buildConfigurationList = 504EC3161FED79650016851F /* Build configuration list for PBXNativeTarget "App" */;
			buildPhases = (
				504EC3001FED79650016851F /* Sources */,
				504EC3011FED79650016851F /* Frameworks */,
				504EC3021FED79650016851F /* Resources */,
				F1A2B3C4D5E6F7A8B9C0D2E3 /* Embed Foundation Extensions */,
			);
			buildRules = (
			);
			dependencies = (
				F1A2B3C4D5E6F7A8B9C0D2E4 /* PBXTargetDependency */,
				WG18A2C3D4E5F6A7B8C9D001 /* PBXTargetDependency */,
			);
			name = App;
			packageProductDependencies = (
				4D22ABE82AF431CB00220026 /* CapApp-SPM */,
			);
			productName = App;
			productReference = 504EC3041FED79650016851F /* Perennia AI.app */;
			productType = "com.apple.product-type.application";
		};
		F1A2B3C4D5E6F7A8B9C0D1EF /* PerenniaShare */ = {
			isa = PBXNativeTarget;
			buildConfigurationList = F1A2B3C4D5E6F7A8B9C0D3F0 /* Build configuration list for PBXNativeTarget "PerenniaShare" */;
			buildPhases = (
				F1A2B3C4D5E6F7A8B9C0D2F0 /* Sources */,
				F1A2B3C4D5E6F7A8B9C0D2F1 /* Frameworks */,
				F1A2B3C4D5E6F7A8B9C0D2F2 /* Resources */,
			);
			buildRules = (
			);
			dependencies = (
			);
			name = PerenniaShare;
			productName = PerenniaShare;
			productReference = F1A2B3C4D5E6F7A8B9C0D1F0 /* PerenniaShare.appex */;
			productType = "com.apple.product-type.app-extension";
		};
		WG13A2C3D4E5F6A7B8C9D001 /* PerenniaWidget */ = {
			isa = PBXNativeTarget;
			buildConfigurationList = WG14A2C3D4E5F6A7B8C9D001 /* Build configuration list for PBXNativeTarget "PerenniaWidget" */;
			buildPhases = (
				WG10A2C3D4E5F6A7B8C9D001 /* Sources */,
				WG11A2C3D4E5F6A7B8C9D001 /* Frameworks */,
				WG12A2C3D4E5F6A7B8C9D001 /* Resources */,
			);
			buildRules = (
			);
			dependencies = (
			);
			name = PerenniaWidget;
			productName = PerenniaWidget;
			productReference = WG07A2C3D4E5F6A7B8C9D001 /* PerenniaWidget.appex */;
			productType = "com.apple.product-type.app-extension";
		};
/* End PBXNativeTarget section */

/* Begin PBXProject section */
		504EC2FC1FED79650016851F /* Project object */ = {
			isa = PBXProject;
			attributes = {
				BuildIndependentTargetsInParallel = YES;
				LastSwiftUpdateCheck = 1600;
				LastUpgradeCheck = 2630;
				TargetAttributes = {
					504EC3031FED79650016851F = {
						CreatedOnToolsVersion = 9.2;
						LastSwiftMigration = 1100;
						ProvisioningStyle = Automatic;
					};
					F1A2B3C4D5E6F7A8B9C0D1EF = {
						CreatedOnToolsVersion = 16.0;
						ProvisioningStyle = Automatic;
					};
					WG13A2C3D4E5F6A7B8C9D001 = {
						CreatedOnToolsVersion = 16.0;
						ProvisioningStyle = Automatic;
					};
				};
			};
			buildConfigurationList = 504EC2FF1FED79650016851F /* Build configuration list for PBXProject "App" */;
			compatibilityVersion = "Xcode 8.0";
			developmentRegion = en;
			hasScannedForEncodings = 0;
			knownRegions = (
				en,
				Base,
			);
			mainGroup = 504EC2FB1FED79650016851F;
			packageReferences = (
				D4C12C0A2AAA248700AAC8A2 /* XCLocalSwiftPackageReference "CapApp-SPM" */,
			);
			productRefGroup = 504EC3051FED79650016851F /* Products */;
			projectDirPath = "";
			projectRoot = "";
			targets = (
				504EC3031FED79650016851F /* App */,
				F1A2B3C4D5E6F7A8B9C0D1EF /* PerenniaShare */,
				WG13A2C3D4E5F6A7B8C9D001 /* PerenniaWidget */,
			);
		};
/* End PBXProject section */

/* Begin PBXResourcesBuildPhase section */
		504EC3021FED79650016851F /* Resources */ = {
			isa = PBXResourcesBuildPhase;
			buildActionMask = 2147483647;
			files = (
				504EC3121FED79650016851F /* LaunchScreen.storyboard in Resources */,
				50B271D11FEDC1A000F3C39B /* public in Resources */,
				504EC30F1FED79650016851F /* Assets.xcassets in Resources */,
				50379B232058CBB4000EE86E /* capacitor.config.json in Resources */,
				504EC30D1FED79650016851F /* Main.storyboard in Resources */,
				2FAD9763203C412B000D30F8 /* config.xml in Resources */,
				AA19B2C3D4E5F6A7B8C9D002 /* PrivacyInfo.xcprivacy in Resources */,
			);
			runOnlyForDeploymentPostprocessing = 0;
		};
		F1A2B3C4D5E6F7A8B9C0D2F2 /* Resources */ = {
			isa = PBXResourcesBuildPhase;
			buildActionMask = 2147483647;
			files = (
				F1A2B3C4D5E6F7A8B9C0D1E6 /* MainInterface.storyboard in Resources */,
				F1A2B3C4D5E6F7A8B9C0D1E8 /* Assets.xcassets in Resources */,
			);
			runOnlyForDeploymentPostprocessing = 0;
		};
		WG12A2C3D4E5F6A7B8C9D001 /* Resources */ = {
			isa = PBXResourcesBuildPhase;
			buildActionMask = 2147483647;
			files = (
				WG05A2C3D4E5F6A7B8C9D002 /* Assets.xcassets in Resources */,
			);
			runOnlyForDeploymentPostprocessing = 0;
		};
/* End PBXResourcesBuildPhase section */

/* Begin PBXSourcesBuildPhase section */
		504EC3001FED79650016851F /* Sources */ = {
			isa = PBXSourcesBuildPhase;
			buildActionMask = 2147483647;
			files = (
				FF01A2C3D4E5F6A7B8C9D002 /* APIConfig.swift in Sources */,
				504EC3081FED79650016851F /* AppDelegate.swift in Sources */,
				AA12B2C3D4E5F6A7B8C9D002 /* AppIntents.swift in Sources */,
				AA13B2C3D4E5F6A7B8C9D002 /* AppShortcuts.swift in Sources */,
				BB04A2C3D4E5F6A7B8C9D002 /* AppSwitcherGuard.swift in Sources */,
				BM01A2C3D4E5F6A7B8C9D002 /* BiometricAuthManager.swift in Sources */,
				AL01A2C3D4E5F6A7B8C9D002 /* AuditLogPlugin.swift in Sources */,
				BB03A2C3D4E5F6A7B8C9D002 /* AuditLogger.swift in Sources */,
				AA10B2C3D4E5F6A7B8C9D002 /* BackgroundSyncManager.swift in Sources */,
				AA01B2C3D4E5F6A7B8C9D002 /* CarPlayAPIService.swift in Sources */,
				AA02B2C3D4E5F6A7B8C9D002 /* CarPlayModels.swift in Sources */,
				A1B2C3D4E5F6A7B8C9D0E1F3 /* CarPlaySceneDelegate.swift in Sources */,
				AA03B2C3D4E5F6A7B8C9D002 /* CarPlayVoiceHandler.swift in Sources */,
				DD01A2C3D4E5F6A7B8C9D002 /* ClosingActivityAttributes.swift in Sources */,
				B2C3D4E5F6A7B8C9D0E1F2A4 /* CertificatePinning.swift in Sources */,
				C3D4E5F6A7B8C9D0E1F2A3B5 /* DeviceIntegrityPlugin.swift in Sources */,
				BB02A2C3D4E5F6A7B8C9D002 /* EncryptedCacheService.swift in Sources */,
				BB01A2C3D4E5F6A7B8C9D002 /* KeychainService.swift in Sources */,
				AA17B2C3D4E5F6A7B8C9D002 /* LiveActivityManager.swift in Sources */,
				AA18B2C3D4E5F6A7B8C9D002 /* LiveActivityPlugin.swift in Sources */,
				EE01A2C3D4E5F6A7B8C9D002 /* MainSceneDelegate.swift in Sources */,
				D4E5F6A7B8C9D0E1F2A3B4C6 /* MDMConfigPlugin.swift in Sources */,
				E5F6A7B8C9D0E1F2A3B4C5D7 /* PerenniaViewController.swift in Sources */,
				AA11B2C3D4E5F6A7B8C9D002 /* PushNotificationRouter.swift in Sources */,
				BB05A2C3D4E5F6A7B8C9D002 /* RateLimiter.swift in Sources */,
				BB06A2C3D4E5F6A7B8C9D002 /* PerformanceMonitor.swift in Sources */,
				BB07A2C3D4E5F6A7B8C9D002 /* ManagedPasteboardGuard.swift in Sources */,
				CC01B2C3D4E5F6A7B8C9D002 /* PinnedFetchPlugin.swift in Sources */,
				F2B3C4D5E6F7A8B9C0D1E2F4 /* ShareExtensionBridge.swift in Sources */,
				SS01A2C3D4E5F6A7B8C9D002 /* SensitiveScreenPlugin.swift in Sources */,
				AA14B2C3D4E5F6A7B8C9D002 /* SiriShortcutsPlugin.swift in Sources */,
				AA16B2C3D4E5F6A7B8C9D002 /* SpotlightHandler.swift in Sources */,
				SP01A2C3D4E5F6A7B8C9D002 /* SpotlightSearchPlugin.swift in Sources */,
				AA15B2C3D4E5F6A7B8C9D002 /* SpotlightIndexer.swift in Sources */,
				AA08B2C3D4E5F6A7B8C9D002 /* VisionProDashboardView.swift in Sources */,
				AA05B2C3D4E5F6A7B8C9D002 /* VisionProDashboardOrnament.swift in Sources */,
				AA09B2C3D4E5F6A7B8C9D002 /* VisionProDocumentView.swift in Sources */,
				AA06B2C3D4E5F6A7B8C9D002 /* VisionProPipelineView.swift in Sources */,
				AA07B2C3D4E5F6A7B8C9D002 /* VisionProStyles.swift in Sources */,
				AA04B2C3D4E5F6A7B8C9D002 /* VisionProSupport.swift in Sources */,
			);
			runOnlyForDeploymentPostprocessing = 0;
		};
		F1A2B3C4D5E6F7A8B9C0D2F0 /* Sources */ = {
			isa = PBXSourcesBuildPhase;
			buildActionMask = 2147483647;
			files = (
				F1A2B3C4D5E6F7A8B9C0D1E2 /* ShareViewController.swift in Sources */,
				F1A2B3C4D5E6F7A8B9C0D1E4 /* ShareNetworkService.swift in Sources */,
			);
			runOnlyForDeploymentPostprocessing = 0;
		};
		WG10A2C3D4E5F6A7B8C9D001 /* Sources */ = {
			isa = PBXSourcesBuildPhase;
			buildActionMask = 2147483647;
			files = (
				WG01A2C3D4E5F6A7B8C9D002 /* PerenniaWidget.swift in Sources */,
				WG02A2C3D4E5F6A7B8C9D002 /* PerenniaWidgetBundle.swift in Sources */,
				WG03A2C3D4E5F6A7B8C9D002 /* NetworkService.swift in Sources */,
				DD02A2C3D4E5F6A7B8C9D002 /* ClosingActivityAttributes.swift in Sources */,
				WG08A2C3D4E5F6A7B8C9D002 /* ClosingActivity.swift in Sources */,
				WG09A2C3D4E5F6A7B8C9D002 /* ClosingActivityView.swift in Sources */,
			);
			runOnlyForDeploymentPostprocessing = 0;
		};
/* End PBXSourcesBuildPhase section */

/* Begin PBXTargetDependency section */
		F1A2B3C4D5E6F7A8B9C0D2E4 /* PBXTargetDependency */ = {
			isa = PBXTargetDependency;
			target = F1A2B3C4D5E6F7A8B9C0D1EF /* PerenniaShare */;
			targetProxy = F1A2B3C4D5E6F7A8B9C0D2E2 /* PBXContainerItemProxy */;
		};
		WG18A2C3D4E5F6A7B8C9D001 /* PBXTargetDependency */ = {
			isa = PBXTargetDependency;
			target = WG13A2C3D4E5F6A7B8C9D001 /* PerenniaWidget */;
			targetProxy = WG17A2C3D4E5F6A7B8C9D001 /* PBXContainerItemProxy */;
		};
/* End PBXTargetDependency section */

/* Begin PBXVariantGroup section */
		504EC30B1FED79650016851F /* Main.storyboard */ = {
			isa = PBXVariantGroup;
			children = (
				504EC30C1FED79650016851F /* Base */,
			);
			name = Main.storyboard;
			sourceTree = "<group>";
		};
		504EC3101FED79650016851F /* LaunchScreen.storyboard */ = {
			isa = PBXVariantGroup;
			children = (
				504EC3111FED79650016851F /* Base */,
			);
			name = LaunchScreen.storyboard;
			sourceTree = "<group>";
		};
/* End PBXVariantGroup section */

/* Begin XCBuildConfiguration section */
		504EC3141FED79650016851F /* Debug */ = {
			isa = XCBuildConfiguration;
			baseConfigurationReference = 958DCC722DB07C7200EA8C5F /* debug.xcconfig */;
			buildSettings = {
				ALWAYS_SEARCH_USER_PATHS = NO;
				ASSETCATALOG_COMPILER_GENERATE_SWIFT_ASSET_SYMBOL_EXTENSIONS = YES;
				CLANG_ANALYZER_NONNULL = YES;
				CLANG_ANALYZER_NUMBER_OBJECT_CONVERSION = YES_AGGRESSIVE;
				CLANG_CXX_LANGUAGE_STANDARD = "gnu++14";
				CLANG_CXX_LIBRARY = "libc++";
				CLANG_ENABLE_MODULES = YES;
				CLANG_ENABLE_OBJC_ARC = YES;
				CLANG_WARN_BLOCK_CAPTURE_AUTORELEASING = YES;
				CLANG_WARN_BOOL_CONVERSION = YES;
				CLANG_WARN_COMMA = YES;
				CLANG_WARN_CONSTANT_CONVERSION = YES;
				CLANG_WARN_DEPRECATED_OBJC_IMPLEMENTATIONS = YES;
				CLANG_WARN_DIRECT_OBJC_ISA_USAGE = YES_ERROR;
				CLANG_WARN_DOCUMENTATION_COMMENTS = YES;
				CLANG_WARN_EMPTY_BODY = YES;
				CLANG_WARN_ENUM_CONVERSION = YES;
				CLANG_WARN_INFINITE_RECURSION = YES;
				CLANG_WARN_INT_CONVERSION = YES;
				CLANG_WARN_NON_LITERAL_NULL_CONVERSION = YES;
				CLANG_WARN_OBJC_IMPLICIT_RETAIN_SELF = YES;
				CLANG_WARN_OBJC_LITERAL_CONVERSION = YES;
				CLANG_WARN_OBJC_ROOT_CLASS = YES_ERROR;
				CLANG_WARN_QUOTED_INCLUDE_IN_FRAMEWORK_HEADER = YES;
				CLANG_WARN_RANGE_LOOP_ANALYSIS = YES;
				CLANG_WARN_STRICT_PROTOTYPES = YES;
				CLANG_WARN_SUSPICIOUS_MOVE = YES;
				CLANG_WARN_UNGUARDED_AVAILABILITY = YES_AGGRESSIVE;
				CLANG_WARN_UNREACHABLE_CODE = YES;
				CLANG_WARN__DUPLICATE_METHOD_MATCH = YES;
				CODE_SIGN_IDENTITY = "iPhone Developer";
				COPY_PHASE_STRIP = NO;
				DEBUG_INFORMATION_FORMAT = dwarf;
				DEVELOPMENT_TEAM = V5ZA5FZ2J8;
				ENABLE_STRICT_OBJC_MSGSEND = YES;
				ENABLE_TESTABILITY = YES;
				ENABLE_USER_SCRIPT_SANDBOXING = YES;
				GCC_C_LANGUAGE_STANDARD = gnu11;
				GCC_DYNAMIC_NO_PIC = NO;
				GCC_NO_COMMON_BLOCKS = YES;
				GCC_OPTIMIZATION_LEVEL = 0;
				GCC_PREPROCESSOR_DEFINITIONS = (
					"DEBUG=1",
					"$(inherited)",
				);
				GCC_WARN_64_TO_32_BIT_CONVERSION = YES;
				GCC_WARN_ABOUT_RETURN_TYPE = YES_ERROR;
				GCC_WARN_UNDECLARED_SELECTOR = YES;
				GCC_WARN_UNINITIALIZED_AUTOS = YES_AGGRESSIVE;
				GCC_WARN_UNUSED_FUNCTION = YES;
				GCC_WARN_UNUSED_VARIABLE = YES;
				IPHONEOS_DEPLOYMENT_TARGET = 15.0;
				MTL_ENABLE_DEBUG_INFO = YES;
				ONLY_ACTIVE_ARCH = YES;
				SDKROOT = iphoneos;
				STRING_CATALOG_GENERATE_SYMBOLS = YES;
				SWIFT_ACTIVE_COMPILATION_CONDITIONS = DEBUG;
				SWIFT_OPTIMIZATION_LEVEL = "-Onone";
			};
			name = Debug;
		};
		504EC3151FED79650016851F /* Release */ = {
			isa = XCBuildConfiguration;
			buildSettings = {
				ALWAYS_SEARCH_USER_PATHS = NO;
				ASSETCATALOG_COMPILER_GENERATE_SWIFT_ASSET_SYMBOL_EXTENSIONS = YES;
				CLANG_ANALYZER_NONNULL = YES;
				CLANG_ANALYZER_NUMBER_OBJECT_CONVERSION = YES_AGGRESSIVE;
				CLANG_CXX_LANGUAGE_STANDARD = "gnu++14";
				CLANG_CXX_LIBRARY = "libc++";
				CLANG_ENABLE_MODULES = YES;
				CLANG_ENABLE_OBJC_ARC = YES;
				CLANG_WARN_BLOCK_CAPTURE_AUTORELEASING = YES;
				CLANG_WARN_BOOL_CONVERSION = YES;
				CLANG_WARN_COMMA = YES;
				CLANG_WARN_CONSTANT_CONVERSION = YES;
				CLANG_WARN_DEPRECATED_OBJC_IMPLEMENTATIONS = YES;
				CLANG_WARN_DIRECT_OBJC_ISA_USAGE = YES_ERROR;
				CLANG_WARN_DOCUMENTATION_COMMENTS = YES;
				CLANG_WARN_EMPTY_BODY = YES;
				CLANG_WARN_ENUM_CONVERSION = YES;
				CLANG_WARN_INFINITE_RECURSION = YES;
				CLANG_WARN_INT_CONVERSION = YES;
				CLANG_WARN_NON_LITERAL_NULL_CONVERSION = YES;
				CLANG_WARN_OBJC_IMPLICIT_RETAIN_SELF = YES;
				CLANG_WARN_OBJC_LITERAL_CONVERSION = YES;
				CLANG_WARN_OBJC_ROOT_CLASS = YES_ERROR;
				CLANG_WARN_QUOTED_INCLUDE_IN_FRAMEWORK_HEADER = YES;
				CLANG_WARN_RANGE_LOOP_ANALYSIS = YES;
				CLANG_WARN_STRICT_PROTOTYPES = YES;
				CLANG_WARN_SUSPICIOUS_MOVE = YES;
				CLANG_WARN_UNGUARDED_AVAILABILITY = YES_AGGRESSIVE;
				CLANG_WARN_UNREACHABLE_CODE = YES;
				CLANG_WARN__DUPLICATE_METHOD_MATCH = YES;
				CODE_SIGN_IDENTITY = "iPhone Developer";
				COPY_PHASE_STRIP = NO;
				DEBUG_INFORMATION_FORMAT = "dwarf-with-dsym";
				DEVELOPMENT_TEAM = V5ZA5FZ2J8;
				ENABLE_NS_ASSERTIONS = NO;
				ENABLE_STRICT_OBJC_MSGSEND = YES;
				ENABLE_USER_SCRIPT_SANDBOXING = YES;
				GCC_C_LANGUAGE_STANDARD = gnu11;
				GCC_NO_COMMON_BLOCKS = YES;
				GCC_WARN_64_TO_32_BIT_CONVERSION = YES;
				GCC_WARN_ABOUT_RETURN_TYPE = YES_ERROR;
				GCC_WARN_UNDECLARED_SELECTOR = YES;
				GCC_WARN_UNINITIALIZED_AUTOS = YES_AGGRESSIVE;
				GCC_WARN_UNUSED_FUNCTION = YES;
				GCC_WARN_UNUSED_VARIABLE = YES;
				IPHONEOS_DEPLOYMENT_TARGET = 15.0;
				MTL_ENABLE_DEBUG_INFO = NO;
				SDKROOT = iphoneos;
				STRING_CATALOG_GENERATE_SYMBOLS = YES;
				SWIFT_COMPILATION_MODE = wholemodule;
				SWIFT_OPTIMIZATION_LEVEL = "-O";
				VALIDATE_PRODUCT = YES;
			};
			name = Release;
		};
		504EC3171FED79650016851F /* Debug */ = {
			isa = XCBuildConfiguration;
			baseConfigurationReference = 958DCC722DB07C7200EA8C5F /* debug.xcconfig */;
			buildSettings = {
				ASSETCATALOG_COMPILER_APPICON_NAME = AppIcon;
				CODE_SIGN_ENTITLEMENTS = App/App.entitlements;
				CODE_SIGN_STYLE = Automatic;
				CURRENT_PROJECT_VERSION = 30;
				INFOPLIST_FILE = App/Info.plist;
				IPHONEOS_DEPLOYMENT_TARGET = 15.0;
				LD_RUNPATH_SEARCH_PATHS = (
					"$(inherited)",
					"@executable_path/Frameworks",
				);
				MARKETING_VERSION = 1.0.2;
				OTHER_SWIFT_FLAGS = "$(inherited) \"-D\" \"COCOAPODS\" \"-DDEBUG\"";
				PRODUCT_BUNDLE_IDENTIFIER = com.perenniaai.crm;
				PRODUCT_NAME = "Perennia AI";
				SUPPORTS_XR_DESIGNED_FOR_IPHONE_IPAD = YES;
				SWIFT_ACTIVE_COMPILATION_CONDITIONS = DEBUG;
				SWIFT_VERSION = 5.0;
				TARGETED_DEVICE_FAMILY = "1,2,7";
			};
			name = Debug;
		};
		504EC3181FED79650016851F /* Release */ = {
			isa = XCBuildConfiguration;
			buildSettings = {
				ASSETCATALOG_COMPILER_APPICON_NAME = AppIcon;
				CODE_SIGN_ENTITLEMENTS = App/App.entitlements;
				CODE_SIGN_STYLE = Automatic;
				CURRENT_PROJECT_VERSION = 30;
				INFOPLIST_FILE = App/Info.plist;
				IPHONEOS_DEPLOYMENT_TARGET = 15.0;
				LD_RUNPATH_SEARCH_PATHS = (
					"$(inherited)",
					"@executable_path/Frameworks",
				);
				MARKETING_VERSION = 1.0.2;
				PRODUCT_BUNDLE_IDENTIFIER = com.perenniaai.crm;
				PRODUCT_NAME = "Perennia AI";
				SUPPORTS_XR_DESIGNED_FOR_IPHONE_IPAD = YES;
				SWIFT_ACTIVE_COMPILATION_CONDITIONS = "";
				SWIFT_VERSION = 5.0;
				TARGETED_DEVICE_FAMILY = "1,2,7";
			};
			name = Release;
		};
		F1A2B3C4D5E6F7A8B9C0D3E1 /* Debug */ = {
			isa = XCBuildConfiguration;
			buildSettings = {
				ASSETCATALOG_COMPILER_APPICON_NAME = ExtensionIcon;
				CODE_SIGN_ENTITLEMENTS = PerenniaShare/PerenniaShare.entitlements;
				CODE_SIGN_STYLE = Automatic;
				CURRENT_PROJECT_VERSION = 30;
				DEVELOPMENT_TEAM = V5ZA5FZ2J8;
				GENERATE_INFOPLIST_FILE = NO;
				INFOPLIST_FILE = PerenniaShare/Info.plist;
				IPHONEOS_DEPLOYMENT_TARGET = 15.0;
				LD_RUNPATH_SEARCH_PATHS = (
					"$(inherited)",
					"@executable_path/Frameworks",
					"@executable_path/../../Frameworks",
				);
				MARKETING_VERSION = 1.0.2;
				PRODUCT_BUNDLE_IDENTIFIER = com.perenniaai.crm.PerenniaShare;
				PRODUCT_NAME = "$(TARGET_NAME)";
				SKIP_INSTALL = YES;
				SWIFT_ACTIVE_COMPILATION_CONDITIONS = DEBUG;
				SWIFT_EMIT_LOC_STRINGS = YES;
				SWIFT_VERSION = 5.0;
				TARGETED_DEVICE_FAMILY = "1,2";
			};
			name = Debug;
		};
		F1A2B3C4D5E6F7A8B9C0D3E2 /* Release */ = {
			isa = XCBuildConfiguration;
			buildSettings = {
				ASSETCATALOG_COMPILER_APPICON_NAME = ExtensionIcon;
				CODE_SIGN_ENTITLEMENTS = PerenniaShare/PerenniaShare.entitlements;
				CODE_SIGN_STYLE = Automatic;
				CURRENT_PROJECT_VERSION = 30;
				DEVELOPMENT_TEAM = V5ZA5FZ2J8;
				GENERATE_INFOPLIST_FILE = NO;
				INFOPLIST_FILE = PerenniaShare/Info.plist;
				IPHONEOS_DEPLOYMENT_TARGET = 15.0;
				LD_RUNPATH_SEARCH_PATHS = (
					"$(inherited)",
					"@executable_path/Frameworks",
					"@executable_path/../../Frameworks",
				);
				MARKETING_VERSION = 1.0.2;
				PRODUCT_BUNDLE_IDENTIFIER = com.perenniaai.crm.PerenniaShare;
				PRODUCT_NAME = "$(TARGET_NAME)";
				SKIP_INSTALL = YES;
				SWIFT_EMIT_LOC_STRINGS = YES;
				SWIFT_VERSION = 5.0;
				TARGETED_DEVICE_FAMILY = "1,2";
			};
			name = Release;
		};
		WG15A2C3D4E5F6A7B8C9D001 /* Debug */ = {
			isa = XCBuildConfiguration;
			buildSettings = {
				ASSETCATALOG_COMPILER_GLOBAL_ACCENT_COLOR_NAME = AccentColor;
				ASSETCATALOG_COMPILER_WIDGET_BACKGROUND_COLOR_NAME = WidgetBackground;
				CODE_SIGN_ENTITLEMENTS = PerenniaWidget/PerenniaWidget.entitlements;
				CODE_SIGN_STYLE = Automatic;
				CURRENT_PROJECT_VERSION = 30;
				DEVELOPMENT_TEAM = V5ZA5FZ2J8;
				GENERATE_INFOPLIST_FILE = NO;
				INFOPLIST_FILE = PerenniaWidget/Info.plist;
				IPHONEOS_DEPLOYMENT_TARGET = 16.2;
				LD_RUNPATH_SEARCH_PATHS = (
					"$(inherited)",
					"@executable_path/Frameworks",
					"@executable_path/../../Frameworks",
				);
				MARKETING_VERSION = 1.0.2;
				PRODUCT_BUNDLE_IDENTIFIER = com.perenniaai.crm.widget;
				PRODUCT_NAME = "$(TARGET_NAME)";
				SKIP_INSTALL = YES;
				SWIFT_ACTIVE_COMPILATION_CONDITIONS = DEBUG;
				SWIFT_EMIT_LOC_STRINGS = YES;
				SWIFT_VERSION = 5.0;
				TARGETED_DEVICE_FAMILY = "1,2";
			};
			name = Debug;
		};
		WG16A2C3D4E5F6A7B8C9D001 /* Release */ = {
			isa = XCBuildConfiguration;
			buildSettings = {
				ASSETCATALOG_COMPILER_GLOBAL_ACCENT_COLOR_NAME = AccentColor;
				ASSETCATALOG_COMPILER_WIDGET_BACKGROUND_COLOR_NAME = WidgetBackground;
				CODE_SIGN_ENTITLEMENTS = PerenniaWidget/PerenniaWidget.entitlements;
				CODE_SIGN_STYLE = Automatic;
				CURRENT_PROJECT_VERSION = 30;
				DEVELOPMENT_TEAM = V5ZA5FZ2J8;
				GENERATE_INFOPLIST_FILE = NO;
				INFOPLIST_FILE = PerenniaWidget/Info.plist;
				IPHONEOS_DEPLOYMENT_TARGET = 16.2;
				LD_RUNPATH_SEARCH_PATHS = (
					"$(inherited)",
					"@executable_path/Frameworks",
					"@executable_path/../../Frameworks",
				);
				MARKETING_VERSION = 1.0.2;
				PRODUCT_BUNDLE_IDENTIFIER = com.perenniaai.crm.widget;
				PRODUCT_NAME = "$(TARGET_NAME)";
				SKIP_INSTALL = YES;
				SWIFT_EMIT_LOC_STRINGS = YES;
				SWIFT_VERSION = 5.0;
				TARGETED_DEVICE_FAMILY = "1,2";
			};
			name = Release;
		};
/* End XCBuildConfiguration section */

/* Begin XCConfigurationList section */
		504EC2FF1FED79650016851F /* Build configuration list for PBXProject "App" */ = {
			isa = XCConfigurationList;
			buildConfigurations = (
				504EC3141FED79650016851F /* Debug */,
				504EC3151FED79650016851F /* Release */,
			);
			defaultConfigurationIsVisible = 0;
			defaultConfigurationName = Release;
		};
		504EC3161FED79650016851F /* Build configuration list for PBXNativeTarget "App" */ = {
			isa = XCConfigurationList;
			buildConfigurations = (
				504EC3171FED79650016851F /* Debug */,
				504EC3181FED79650016851F /* Release */,
			);
			defaultConfigurationIsVisible = 0;
			defaultConfigurationName = Release;
		};
		F1A2B3C4D5E6F7A8B9C0D3F0 /* Build configuration list for PBXNativeTarget "PerenniaShare" */ = {
			isa = XCConfigurationList;
			buildConfigurations = (
				F1A2B3C4D5E6F7A8B9C0D3E1 /* Debug */,
				F1A2B3C4D5E6F7A8B9C0D3E2 /* Release */,
			);
			defaultConfigurationIsVisible = 0;
			defaultConfigurationName = Release;
		};
		WG14A2C3D4E5F6A7B8C9D001 /* Build configuration list for PBXNativeTarget "PerenniaWidget" */ = {
			isa = XCConfigurationList;
			buildConfigurations = (
				WG15A2C3D4E5F6A7B8C9D001 /* Debug */,
				WG16A2C3D4E5F6A7B8C9D001 /* Release */,
			);
			defaultConfigurationIsVisible = 0;
			defaultConfigurationName = Release;
		};
/* End XCConfigurationList section */

/* Begin XCLocalSwiftPackageReference section */
		D4C12C0A2AAA248700AAC8A2 /* XCLocalSwiftPackageReference "CapApp-SPM" */ = {
			isa = XCLocalSwiftPackageReference;
			relativePath = "CapApp-SPM";
		};
/* End XCLocalSwiftPackageReference section */

/* Begin XCSwiftPackageProductDependency section */
		4D22ABE82AF431CB00220026 /* CapApp-SPM */ = {
			isa = XCSwiftPackageProductDependency;
			package = D4C12C0A2AAA248700AAC8A2 /* XCLocalSwiftPackageReference "CapApp-SPM" */;
			productName = "CapApp-SPM";
		};
/* End XCSwiftPackageProductDependency section */
	};
	rootObject = 504EC2FC1FED79650016851F /* Project object */;
}
